// !$*UTF8*$!
{
	archiveVersion = 1;
	classes = {
	};
	objectVersion = 56;
	objects = {

/* Begin PBXBuildFile section */
		5645F7B82920AEF000037FA0 /* main.cpp in Sources */ = {isa = PBXBuildFile; fileRef = 5645F7B72920AEF000037FA0 /* main.cpp */; };
		5645F7C02920B0EE00037FA0 /* libglfw.3.3.dylib in Frameworks */ = {isa = PBXBuildFile; fileRef = 5645F7BF2920B0EE00037FA0 /* libglfw.3.3.dylib */; };
		5645F7C22920B11500037FA0 /* libvulkan.1.dylib in Frameworks */ = {isa = PBXBuildFile; fileRef = 5645F7C12920B11500037FA0 /* libvulkan.1.dylib */; };
		5645F7C42920B11C00037FA0 /* libvulkan.1.3.224.dylib in Frameworks */ = {isa = PBXBuildFile; fileRef = 5645F7C32920B11C00037FA0 /* libvulkan.1.3.224.dylib */; };
		5645F7C52920B14800037FA0 /* libvulkan.1.3.224.dylib in CopyFiles */ = {isa = PBXBuildFile; fileRef = 5645F7C32920B11C00037FA0 /* libvulkan.1.3.224.dylib */; settings = {ATTRIBUTES = (CodeSignOnCopy, ); }; };
		5645F7C62920B14800037FA0 /* libvulkan.1.dylib in CopyFiles */ = {isa = PBXBuildFile; fileRef = 5645F7C12920B11500037FA0 /* libvulkan.1.dylib */; settings = {ATTRIBUTES = (CodeSignOnCopy, ); }; };
		5645F7C72920B14800037FA0 /* libglfw.3.3.dylib in CopyFiles */ = {isa = PBXBuildFile; fileRef = 5645F7BF2920B0EE00037FA0 /* libglfw.3.3.dylib */; settings = {ATTRIBUTES = (CodeSignOnCopy, ); }; };
		5645F7C92920B50000037FA0 /* lve_window.cpp in Sources */ = {isa = PBXBuildFile; fileRef = 5645F7C82920B50000037FA0 /* lve_window.cpp */; };
		5645F7CD2920B83B00037FA0 /* first_app.cpp in Sources */ = {isa = PBXBuildFile; fileRef = 5645F7CB2920B83B00037FA0 /* first_app.cpp */; };
		5645F7D42920C47200037FA0 /* lve_pipeline.cpp in Sources */ = {isa = PBXBuildFile; fileRef = 5645F7D22920C47200037FA0 /* lve_pipeline.cpp */; };
		5645F7DA2920D2BF00037FA0 /* lve_device.cpp in Sources */ = {isa = PBXBuildFile; fileRef = 5645F7D82920D2BF00037FA0 /* lve_device.cpp */; };
/* End PBXBuildFile section */

/* Begin PBXCopyFilesBuildPhase section */
		5645F7B22920AEF000037FA0 /* CopyFiles */ = {
			isa = PBXCopyFilesBuildPhase;
			buildActionMask = 12;
			dstPath = "";
			dstSubfolderSpec = 10;
			files = (
				5645F7C52920B14800037FA0 /* libvulkan.1.3.224.dylib in CopyFiles */,
				5645F7C62920B14800037FA0 /* libvulkan.1.dylib in CopyFiles */,
				5645F7C72920B14800037FA0 /* libglfw.3.3.dylib in CopyFiles */,
			);
			runOnlyForDeploymentPostprocessing = 0;
		};
/* End PBXCopyFilesBuildPhase section */

/* Begin PBXFileReference section */
		5645F7B42920AEF000037FA0 /* VulkanEngine */ = {isa = PBXFileReference; explicitFileType = "compiled.mach-o.executable"; includeInIndex = 0; path = VulkanEngine; sourceTree = BUILT_PRODUCTS_DIR; };
		5645F7B72920AEF000037FA0 /* main.cpp */ = {isa = PBXFileReference; lastKnownFileType = sourcecode.cpp.cpp; path = main.cpp; sourceTree = "<group>"; };
		5645F7BF2920B0EE00037FA0 /* libglfw.3.3.dylib */ = {isa = PBXFileReference; lastKnownFileType = "compiled.mach-o.dylib"; name = libglfw.3.3.dylib; path = ../../../../usr/local/lib/libglfw.3.3.dylib; sourceTree = "<group>"; };
		5645F7C12920B11500037FA0 /* libvulkan.1.dylib */ = {isa = PBXFileReference; lastKnownFileType = "compiled.mach-o.dylib"; name = libvulkan.1.dylib; path = ../../VulkanSDK/1.3.224.1/macOS/lib/libvulkan.1.dylib; sourceTree = "<group>"; };
		5645F7C32920B11C00037FA0 /* libvulkan.1.3.224.dylib */ = {isa = PBXFileReference; lastKnownFileType = "compiled.mach-o.dylib"; name = libvulkan.1.3.224.dylib; path = ../../VulkanSDK/1.3.224.1/macOS/lib/libvulkan.1.3.224.dylib; sourceTree = "<group>"; };
		5645F7C82920B50000037FA0 /* lve_window.cpp */ = {isa = PBXFileReference; lastKnownFileType = sourcecode.cpp.cpp; path = lve_window.cpp; sourceTree = "<group>"; };
		5645F7CA2920B6AA00037FA0 /* lve_window.hpp */ = {isa = PBXFileReference; lastKnownFileType = sourcecode.cpp.h; path = lve_window.hpp; sourceTree = "<group>"; };
		5645F7CB2920B83B00037FA0 /* first_app.cpp */ = {isa = PBXFileReference; lastKnownFileType = sourcecode.cpp.cpp; path = first_app.cpp; sourceTree = "<group>"; };
		5645F7CC2920B83B00037FA0 /* first_app.hpp */ = {isa = PBXFileReference; lastKnownFileType = sourcecode.cpp.h; path = first_app.hpp; sourceTree = "<group>"; };
		5645F7CF2920C01500037FA0 /* simple_shader.vert */ = {isa = PBXFileReference; lastKnownFileType = sourcecode.glsl; path = simple_shader.vert; sourceTree = "<group>"; };
		5645F7D02920C02400037FA0 /* simple_shader.frag */ = {isa = PBXFileReference; lastKnownFileType = sourcecode.glsl; path = simple_shader.frag; sourceTree = "<group>"; };
		5645F7D12920C23200037FA0 /* compile.sh */ = {isa = PBXFileReference; fileEncoding = 4; lastKnownFileType = text.script.sh; path = compile.sh; sourceTree = "<group>"; };
		5645F7D22920C47200037FA0 /* lve_pipeline.cpp */ = {isa = PBXFileReference; lastKnownFileType = sourcecode.cpp.cpp; path = lve_pipeline.cpp; sourceTree = "<group>"; };
		5645F7D32920C47200037FA0 /* lve_pipeline.hpp */ = {isa = PBXFileReference; lastKnownFileType = sourcecode.cpp.h; path = lve_pipeline.hpp; sourceTree = "<group>"; };
		5645F7D82920D2BF00037FA0 /* lve_device.cpp */ = {isa = PBXFileReference; fileEncoding = 4; lastKnownFileType = sourcecode.cpp.cpp; path = lve_device.cpp; sourceTree = "<group>"; };
		5645F7D92920D2BF00037FA0 /* lve_device.hpp */ = {isa = PBXFileReference; fileEncoding = 4; lastKnownFileType = sourcecode.cpp.h; path = lve_device.hpp; sourceTree = "<group>"; };
/* End PBXFileReference section */

/* Begin PBXFrameworksBuildPhase section */
		5645F7B12920AEF000037FA0 /* Frameworks */ = {
			isa = PBXFrameworksBuildPhase;
			buildActionMask = 2147483647;
			files = (
				5645F7C22920B11500037FA0 /* libvulkan.1.dylib in Frameworks */,
				5645F7C02920B0EE00037FA0 /* libglfw.3.3.dylib in Frameworks */,
				5645F7C42920B11C00037FA0 /* libvulkan.1.3.224.dylib in Frameworks */,
			);
			runOnlyForDeploymentPostprocessing = 0;
		};
/* End PBXFrameworksBuildPhase section */

/* Begin PBXGroup section */
		5645F7AB2920AEF000037FA0 = {
			isa = PBXGroup;
			children = (
				5645F7CE2920BFDF00037FA0 /* Shaders */,
				5645F7B62920AEF000037FA0 /* VulkanEngine */,
				5645F7B52920AEF000037FA0 /* Products */,
				5645F7BE2920B0EE00037FA0 /* Frameworks */,
			);
			sourceTree = "<group>";
		};
		5645F7B52920AEF000037FA0 /* Products */ = {
			isa = PBXGroup;
			children = (
				5645F7B42920AEF000037FA0 /* VulkanEngine */,
			);
			name = Products;
			sourceTree = "<group>";
		};
		5645F7B62920AEF000037FA0 /* VulkanEngine */ = {
			isa = PBXGroup;
			children = (
				5645F7B72920AEF000037FA0 /* main.cpp */,
				5645F7D82920D2BF00037FA0 /* lve_device.cpp */,
				5645F7D92920D2BF00037FA0 /* lve_device.hpp */,
				5645F7C82920B50000037FA0 /* lve_window.cpp */,
				5645F7CA2920B6AA00037FA0 /* lve_window.hpp */,
				5645F7CB2920B83B00037FA0 /* first_app.cpp */,
				5645F7CC2920B83B00037FA0 /* first_app.hpp */,
				5645F7D22920C47200037FA0 /* lve_pipeline.cpp */,
				5645F7D32920C47200037FA0 /* lve_pipeline.hpp */,
			);
			path = VulkanEngine;
			sourceTree = "<group>";
		};
		5645F7BE2920B0EE00037FA0 /* Frameworks */ = {
			isa = PBXGroup;
			children = (
				5645F7C32920B11C00037FA0 /* libvulkan.1.3.224.dylib */,
				5645F7C12920B11500037FA0 /* libvulkan.1.dylib */,
				5645F7BF2920B0EE00037FA0 /* libglfw.3.3.dylib */,
			);
			name = Frameworks;
			sourceTree = "<group>";
		};
		5645F7CE2920BFDF00037FA0 /* Shaders */ = {
			isa = PBXGroup;
			children = (
				5645F7D12920C23200037FA0 /* compile.sh */,
				5645F7CF2920C01500037FA0 /* simple_shader.vert */,
				5645F7D02920C02400037FA0 /* simple_shader.frag */,
			);
			path = Shaders;
			sourceTree = "<group>";
		};
/* End PBXGroup section */

/* Begin PBXNativeTarget section */
		5645F7B32920AEF000037FA0 /* VulkanEngine */ = {
			isa = PBXNativeTarget;
			buildConfigurationList = 5645F7BB2920AEF000037FA0 /* Build configuration list for PBXNativeTarget "VulkanEngine" */;
			buildPhases = (
				5645F7B12920AEF000037FA0 /* Frameworks */,
				5645F7B22920AEF000037FA0 /* CopyFiles */,
				5645F7B02920AEF000037FA0 /* Sources */,
			);
			buildRules = (
			);
			dependencies = (
			);
			name = VulkanEngine;
			productName = VulkanEngine;
			productReference = 5645F7B42920AEF000037FA0 /* VulkanEngine */;
			productType = "com.apple.product-type.tool";
		};
/* End PBXNativeTarget section */

/* Begin PBXProject section */
		5645F7AC2920AEF000037FA0 /* Project object */ = {
			isa = PBXProject;
			attributes = {
				BuildIndependentTargetsInParallel = 1;
				LastUpgradeCheck = 1410;
				TargetAttributes = {
					5645F7B32920AEF000037FA0 = {
						CreatedOnToolsVersion = 14.1;
					};
				};
			};
			buildConfigurationList = 5645F7AF2920AEF000037FA0 /* Build configuration list for PBXProject "VulkanEngine" */;
			compatibilityVersion = "Xcode 14.0";
			developmentRegion = en;
			hasScannedForEncodings = 0;
			knownRegions = (
				en,
				Base,
			);
			mainGroup = 5645F7AB2920AEF000037FA0;
			productRefGroup = 5645F7B52920AEF000037FA0 /* Products */;
			projectDirPath = "";
			projectRoot = "";
			targets = (
				5645F7B32920AEF000037FA0 /* VulkanEngine */,
			);
		};
/* End PBXProject section */

/* Begin PBXSourcesBuildPhase section */
		5645F7B02920AEF000037FA0 /* Sources */ = {
			isa = PBXSourcesBuildPhase;
			buildActionMask = 2147483647;
			files = (
				5645F7CD2920B83B00037FA0 /* first_app.cpp in Sources */,
				5645F7D42920C47200037FA0 /* lve_pipeline.cpp in Sources */,
				5645F7B82920AEF000037FA0 /* main.cpp in Sources */,
				5645F7C92920B50000037FA0 /* lve_window.cpp in Sources */,
				5645F7DA2920D2BF00037FA0 /* lve_device.cpp in Sources */,
			);
			runOnlyForDeploymentPostprocessing = 0;
		};
/* End PBXSourcesBuildPhase section */

/* Begin XCBuildConfiguration section */
		5645F7B92920AEF000037FA0 /* Debug */ = {
			isa = XCBuildConfiguration;
			buildSettings = {
				ALWAYS_SEARCH_USER_PATHS = NO;
				CLANG_ANALYZER_NONNULL = YES;
				CLANG_ANALYZER_NUMBER_OBJECT_CONVERSION = YES_AGGRESSIVE;
				CLANG_CXX_LANGUAGE_STANDARD = "gnu++20";
				CLANG_ENABLE_MODULES = YES;
				CLANG_ENABLE_OBJC_ARC = YES;
				CLANG_ENABLE_OBJC_WEAK = YES;
				CLANG_WARN_BLOCK_CAPTURE_AUTORELEASING = YES;
				CLANG_WARN_BOOL_CONVERSION = YES;
				CLANG_WARN_COMMA = YES;
				CLANG_WARN_CONSTANT_CONVERSION = YES;
				CLANG_WARN_DEPRECATED_OBJC_IMPLEMENTATIONS = YES;
				CLANG_WARN_DIRECT_OBJC_ISA_USAGE = YES_ERROR;
				CLANG_WARN_DOCUMENTATION_COMMENTS = YES;
				CLANG_WARN_EMPTY_BODY = YES;
				CLANG_WARN_ENUM_CONVERSION = YES;
				CLANG_WARN_INFINITE_RECURSION = YES;
				CLANG_WARN_INT_CONVERSION = YES;
				CLANG_WARN_NON_LITERAL_NULL_CONVERSION = YES;
				CLANG_WARN_OBJC_IMPLICIT_RETAIN_SELF = YES;
				CLANG_WARN_OBJC_LITERAL_CONVERSION = YES;
				CLANG_WARN_OBJC_ROOT_CLASS = YES_ERROR;
				CLANG_WARN_QUOTED_INCLUDE_IN_FRAMEWORK_HEADER = YES;
				CLANG_WARN_RANGE_LOOP_ANALYSIS = YES;
				CLANG_WARN_STRICT_PROTOTYPES = YES;
				CLANG_WARN_SUSPICIOUS_MOVE = YES;
				CLANG_WARN_UNGUARDED_AVAILABILITY = YES_AGGRESSIVE;
				CLANG_WARN_UNREACHABLE_CODE = YES;
				CLANG_WARN__DUPLICATE_METHOD_MATCH = YES;
				COPY_PHASE_STRIP = NO;
				DEBUG_INFORMATION_FORMAT = dwarf;
				ENABLE_STRICT_OBJC_MSGSEND = YES;
				ENABLE_TESTABILITY = YES;
				GCC_C_LANGUAGE_STANDARD = gnu11;
				GCC_DYNAMIC_NO_PIC = NO;
				GCC_NO_COMMON_BLOCKS = YES;
				GCC_OPTIMIZATION_LEVEL = 0;
				GCC_PREPROCESSOR_DEFINITIONS = (
					"DEBUG=1",
					"$(inherited)",
				);
				GCC_WARN_64_TO_32_BIT_CONVERSION = YES;
				GCC_WARN_ABOUT_RETURN_TYPE = YES_ERROR;
				GCC_WARN_UNDECLARED_SELECTOR = YES;
				GCC_WARN_UNINITIALIZED_AUTOS = YES_AGGRESSIVE;
				GCC_WARN_UNUSED_FUNCTION = YES;
				GCC_WARN_UNUSED_VARIABLE = YES;
				MACOSX_DEPLOYMENT_TARGET = 13.0;
				MTL_ENABLE_DEBUG_INFO = INCLUDE_SOURCE;
				MTL_FAST_MATH = YES;
				ONLY_ACTIVE_ARCH = YES;
				SDKROOT = macosx;
			};
			name = Debug;
		};
		5645F7BA2920AEF000037FA0 /* Release */ = {
			isa = XCBuildConfiguration;
			buildSettings = {
				ALWAYS_SEARCH_USER_PATHS = NO;
				CLANG_ANALYZER_NONNULL = YES;
				CLANG_ANALYZER_NUMBER_OBJECT_CONVERSION = YES_AGGRESSIVE;
				CLANG_CXX_LANGUAGE_STANDARD = "gnu++20";
				CLANG_ENABLE_MODULES = YES;
				CLANG_ENABLE_OBJC_ARC = YES;
				CLANG_ENABLE_OBJC_WEAK = YES;
				CLANG_WARN_BLOCK_CAPTURE_AUTORELEASING = YES;
				CLANG_WARN_BOOL_CONVERSION = YES;
				CLANG_WARN_COMMA = YES;
				CLANG_WARN_CONSTANT_CONVERSION = YES;
				CLANG_WARN_DEPRECATED_OBJC_IMPLEMENTATIONS = YES;
				CLANG_WARN_DIRECT_OBJC_ISA_USAGE = YES_ERROR;
				CLANG_WARN_DOCUMENTATION_COMMENTS = YES;
				CLANG_WARN_EMPTY_BODY = YES;
				CLANG_WARN_ENUM_CONVERSION = YES;
				CLANG_WARN_INFINITE_RECURSION = YES;
				CLANG_WARN_INT_CONVERSION = YES;
				CLANG_WARN_NON_LITERAL_NULL_CONVERSION = YES;
				CLANG_WARN_OBJC_IMPLICIT_RETAIN_SELF = YES;
				CLANG_WARN_OBJC_LITERAL_CONVERSION = YES;
				CLANG_WARN_OBJC_ROOT_CLASS = YES_ERROR;
				CLANG_WARN_QUOTED_INCLUDE_IN_FRAMEWORK_HEADER = YES;
				CLANG_WARN_RANGE_LOOP_ANALYSIS = YES;
				CLANG_WARN_STRICT_PROTOTYPES = YES;
				CLANG_WARN_SUSPICIOUS_MOVE = YES;
				CLANG_WARN_UNGUARDED_AVAILABILITY = YES_AGGRESSIVE;
				CLANG_WARN_UNREACHABLE_CODE = YES;
				CLANG_WARN__DUPLICATE_METHOD_MATCH = YES;
				COPY_PHASE_STRIP = NO;
				DEBUG_INFORMATION_FORMAT = "dwarf-with-dsym";
				ENABLE_NS_ASSERTIONS = NO;
				ENABLE_STRICT_OBJC_MSGSEND = YES;
				GCC_C_LANGUAGE_STANDARD = gnu11;
				GCC_NO_COMMON_BLOCKS = YES;
				GCC_WARN_64_TO_32_BIT_CONVERSION = YES;
				GCC_WARN_ABOUT_RETURN_TYPE = YES_ERROR;
				GCC_WARN_UNDECLARED_SELECTOR = YES;
				GCC_WARN_UNINITIALIZED_AUTOS = YES_AGGRESSIVE;
				GCC_WARN_UNUSED_FUNCTION = YES;
				GCC_WARN_UNUSED_VARIABLE = YES;
				MACOSX_DEPLOYMENT_TARGET = 13.0;
				MTL_ENABLE_DEBUG_INFO = NO;
				MTL_FAST_MATH = YES;
				SDKROOT = macosx;
			};
			name = Release;
		};
		5645F7BC2920AEF000037FA0 /* Debug */ = {
			isa = XCBuildConfiguration;
			buildSettings = {
				CODE_SIGN_STYLE = Automatic;
				HEADER_SEARCH_PATHS = (
					/usr/local/include,
					/Users/yuhan/VulkanSDK/1.3.224.1/macOS/include,
				);
				LIBRARY_SEARCH_PATHS = (
					/usr/local/lib,
					/Users/yuhan/VulkanSDK/1.3.224.1/macOS/lib,
				);
				PRODUCT_NAME = "$(TARGET_NAME)";
			};
			name = Debug;
		};
		5645F7BD2920AEF000037FA0 /* Release */ = {
			isa = XCBuildConfiguration;
			buildSettings = {
				CODE_SIGN_STYLE = Automatic;
				HEADER_SEARCH_PATHS = (
					/usr/local/include,
					/Users/yuhan/VulkanSDK/1.3.224.1/macOS/include,
				);
				LIBRARY_SEARCH_PATHS = (
					/usr/local/lib,
					/Users/yuhan/VulkanSDK/1.3.224.1/macOS/lib,
				);
				PRODUCT_NAME = "$(TARGET_NAME)";
			};
			name = Release;
		};
/* End XCBuildConfiguration section */

/* Begin XCConfigurationList section */
		5645F7AF2920AEF000037FA0 /* Build configuration list for PBXProject "VulkanEngine" */ = {
			isa = XCConfigurationList;
			buildConfigurations = (
				5645F7B92920AEF000037FA0 /* Debug */,
				5645F7BA2920AEF000037FA0 /* Release */,
			);
			defaultConfigurationIsVisible = 0;
			defaultConfigurationName = Release;
		};
		5645F7BB2920AEF000037FA0 /* Build configuration list for PBXNativeTarget "VulkanEngine" */ = {
			isa = XCConfigurationList;
			buildConfigurations = (
				5645F7BC2920AEF000037FA0 /* Debug */,
				5645F7BD2920AEF000037FA0 /* Release */,
			);
			defaultConfigurationIsVisible = 0;
			defaultConfigurationName = Release;
		};
/* End XCConfigurationList section */
	};
	rootObject = 5645F7AC2920AEF000037FA0 /* Project object */;
}
